
Microsoft Visual Studio Solution File, Format Version 12.00
# Visual Studio Version 17
VisualStudioVersion = 17.7.34024.191
MinimumVisualStudioVersion = 10.0.40219.1
Project("{FAE04EC0-301F-11D3-BF4B-00C04F79EFBC}") = "Delegate-pradicate-practice", "Delegate-pradicate-practice\Delegate-pradicate-practice.csproj", "{09AB7F14-4EB1-40B5-A773-F7F164A71A93}"
EndProject
Global
	GlobalSection(SolutionConfigurationPlatforms) = preSolution
		Debug|Any CPU = Debug|Any CPU
		Release|Any CPU = Release|Any CPU
	EndGlobalSection
	GlobalSection(ProjectConfigurationPlatforms) = postSolution
		{09AB7F14-4EB1-40B5-A773-F7F164A71A93}.Debug|Any CPU.ActiveCfg = Debug|Any CPU
		{09AB7F14-4EB1-40B5-A773-F7F164A71A93}.Debug|Any CPU.Build.0 = Debug|Any CPU
		{09AB7F14-4EB1-40B5-A773-F7F164A71A93}.Release|Any CPU.ActiveCfg = Release|Any CPU
		{09AB7F14-4EB1-40B5-A773-F7F164A71A93}.Release|Any CPU.Build.0 = Release|Any CPU
	EndGlobalSection
	GlobalSection(SolutionProperties) = preSolution
		HideSolutionNode = FALSE
	EndGlobalSection
	GlobalSection(ExtensibilityGlobals) = postSolution
		SolutionGuid = {C2411AF1-DBB8-4B83-8393-35037B0AFFAB}
	EndGlobalSection
EndGlobal
